// !$*UTF8*$!
{
	archiveVersion = 1;
	classes = {
	};
	objectVersion = 55;
	objects = {

/* Begin PBXBuildFile section */
		CECDAEFC2896DCBF0041EF04 /* AppDelegate.swift in Sources */ = {isa = PBXBuildFile; fileRef = CECDAEFB2896DCBF0041EF04 /* AppDelegate.swift */; };
		CECDAEFE2896DCBF0041EF04 /* SceneDelegate.swift in Sources */ = {isa = PBXBuildFile; fileRef = CECDAEFD2896DCBF0041EF04 /* SceneDelegate.swift */; };
		CECDAF002896DCBF0041EF04 /* ViewController.swift in Sources */ = {isa = PBXBuildFile; fileRef = CECDAEFF2896DCBF0041EF04 /* ViewController.swift */; };
		CECDAF032896DCBF0041EF04 /* Main.storyboard in Resources */ = {isa = PBXBuildFile; fileRef = CECDAF012896DCBF0041EF04 /* Main.storyboard */; };
		CECDAF052896DCC20041EF04 /* Assets.xcassets in Resources */ = {isa = PBXBuildFile; fileRef = CECDAF042896DCC20041EF04 /* Assets.xcassets */; };
		CECDAF082896DCC20041EF04 /* LaunchScreen.storyboard in Resources */ = {isa = PBXBuildFile; fileRef = CECDAF062896DCC20041EF04 /* LaunchScreen.storyboard */; };
		CECDAF102896DF440041EF04 /* CustomCell.swift in Sources */ = {isa = PBXBuildFile; fileRef = CECDAF0F2896DF440041EF04 /* CustomCell.swift */; };
		CECDAF122896DF690041EF04 /* CustomCell.xib in Resources */ = {isa = PBXBuildFile; fileRef = CECDAF112896DF690041EF04 /* CustomCell.xib */; };
/* End PBXBuildFile section */

/* Begin PBXFileReference section */
		CECDAEF82896DCBF0041EF04 /* TableColor.app */ = {isa = PBXFileReference; explicitFileType = wrapper.application; includeInIndex = 0; path = TableColor.app; sourceTree = BUILT_PRODUCTS_DIR; };
		CECDAEFB2896DCBF0041EF04 /* AppDelegate.swift */ = {isa = PBXFileReference; lastKnownFileType = sourcecode.swift; path = AppDelegate.swift; sourceTree = "<group>"; };
		CECDAEFD2896DCBF0041EF04 /* SceneDelegate.swift */ = {isa = PBXFileReference; lastKnownFileType = sourcecode.swift; path = SceneDelegate.swift; sourceTree = "<group>"; };
		CECDAEFF2896DCBF0041EF04 /* ViewController.swift */ = {isa = PBXFileReference; lastKnownFileType = sourcecode.swift; path = ViewController.swift; sourceTree = "<group>"; };
		CECDAF022896DCBF0041EF04 /* Base */ = {isa = PBXFileReference; lastKnownFileType = file.storyboard; name = Base; path = Base.lproj/Main.storyboard; sourceTree = "<group>"; };
		CECDAF042896DCC20041EF04 /* Assets.xcassets */ = {isa = PBXFileReference; lastKnownFileType = folder.assetcatalog; path = Assets.xcassets; sourceTree = "<group>"; };
		CECDAF072896DCC20041EF04 /* Base */ = {isa = PBXFileReference; lastKnownFileType = file.storyboard; name = Base; path = Base.lproj/LaunchScreen.storyboard; sourceTree = "<group>"; };
		CECDAF092896DCC20041EF04 /* Info.plist */ = {isa = PBXFileReference; lastKnownFileType = text.plist.xml; path = Info.plist; sourceTree = "<group>"; };
		CECDAF0F2896DF440041EF04 /* CustomCell.swift */ = {isa = PBXFileReference; lastKnownFileType = sourcecode.swift; path = CustomCell.swift; sourceTree = "<group>"; };
		CECDAF112896DF690041EF04 /* CustomCell.xib */ = {isa = PBXFileReference; lastKnownFileType = file.xib; path = CustomCell.xib; sourceTree = "<group>"; };
/* End PBXFileReference section */

/* Begin PBXFrameworksBuildPhase section */
		CECDAEF52896DCBF0041EF04 /* Frameworks */ = {
			isa = PBXFrameworksBuildPhase;
			buildActionMask = 2147483647;
			files = (
			);
			runOnlyForDeploymentPostprocessing = 0;
		};
/* End PBXFrameworksBuildPhase section */

/* Begin PBXGroup section */
		CECDAEEF2896DCBF0041EF04 = {
			isa = PBXGroup;
			children = (
				CECDAEFA2896DCBF0041EF04 /* TableColor */,
				CECDAEF92896DCBF0041EF04 /* Products */,
			);
			sourceTree = "<group>";
		};
		CECDAEF92896DCBF0041EF04 /* Products */ = {
			isa = PBXGroup;
			children = (
				CECDAEF82896DCBF0041EF04 /* TableColor.app */,
			);
			name = Products;
			sourceTree = "<group>";
		};
		CECDAEFA2896DCBF0041EF04 /* TableColor */ = {
			isa = PBXGroup;
			children = (
				CECDAEFB2896DCBF0041EF04 /* AppDelegate.swift */,
				CECDAEFD2896DCBF0041EF04 /* SceneDelegate.swift */,
				CECDAEFF2896DCBF0041EF04 /* ViewController.swift */,
				CECDAF012896DCBF0041EF04 /* Main.storyboard */,
				CECDAF042896DCC20041EF04 /* Assets.xcassets */,
				CECDAF062896DCC20041EF04 /* LaunchScreen.storyboard */,
				CECDAF092896DCC20041EF04 /* Info.plist */,
				CECDAF0F2896DF440041EF04 /* CustomCell.swift */,
				CECDAF112896DF690041EF04 /* CustomCell.xib */,
			);
			path = TableColor;
			sourceTree = "<group>";
		};
/* End PBXGroup section */

/* Begin PBXNativeTarget section */
		CECDAEF72896DCBF0041EF04 /* TableColor */ = {
			isa = PBXNativeTarget;
			buildConfigurationList = CECDAF0C2896DCC20041EF04 /* Build configuration list for PBXNativeTarget "TableColor" */;
			buildPhases = (
				CECDAEF42896DCBF0041EF04 /* Sources */,
				CECDAEF52896DCBF0041EF04 /* Frameworks */,
				CECDAEF62896DCBF0041EF04 /* Resources */,
			);
			buildRules = (
			);
			dependencies = (
			);
			name = TableColor;
			productName = TableColor;
			productReference = CECDAEF82896DCBF0041EF04 /* TableColor.app */;
			productType = "com.apple.product-type.application";
		};
/* End PBXNativeTarget section */

/* Begin PBXProject section */
		CECDAEF02896DCBF0041EF04 /* Project object */ = {
			isa = PBXProject;
			attributes = {
				BuildIndependentTargetsInParallel = 1;
				LastSwiftUpdateCheck = 1320;
				LastUpgradeCheck = 1320;
				TargetAttributes = {
					CECDAEF72896DCBF0041EF04 = {
						CreatedOnToolsVersion = 13.2;
					};
				};
			};
			buildConfigurationList = CECDAEF32896DCBF0041EF04 /* Build configuration list for PBXProject "TableColor" */;
			compatibilityVersion = "Xcode 13.0";
			developmentRegion = en;
			hasScannedForEncodings = 0;
			knownRegions = (
				en,
				Base,
			);
			mainGroup = CECDAEEF2896DCBF0041EF04;
			productRefGroup = CECDAEF92896DCBF0041EF04 /* Products */;
			projectDirPath = "";
			projectRoot = "";
			targets = (
				CECDAEF72896DCBF0041EF04 /* TableColor */,
			);
		};
/* End PBXProject section */

/* Begin PBXResourcesBuildPhase section */
		CECDAEF62896DCBF0041EF04 /* Resources */ = {
			isa = PBXResourcesBuildPhase;
			buildActionMask = 2147483647;
			files = (
				CECDAF082896DCC20041EF04 /* LaunchScreen.storyboard in Resources */,
				CECDAF052896DCC20041EF04 /* Assets.xcassets in Resources */,
				CECDAF122896DF690041EF04 /* CustomCell.xib in Resources */,
				CECDAF032896DCBF0041EF04 /* Main.storyboard in Resources */,
			);
			runOnlyForDeploymentPostprocessing = 0;
		};
/* End PBXResourcesBuildPhase section */

/* Begin PBXSourcesBuildPhase section */
		CECDAEF42896DCBF0041EF04 /* Sources */ = {
			isa = PBXSourcesBuildPhase;
			buildActionMask = 2147483647;
			files = (
				CECDAF002896DCBF0041EF04 /* ViewController.swift in Sources */,
				CECDAEFC2896DCBF0041EF04 /* AppDelegate.swift in Sources */,
				CECDAF102896DF440041EF04 /* CustomCell.swift in Sources */,
				CECDAEFE2896DCBF0041EF04 /* SceneDelegate.swift in Sources */,
			);
			runOnlyForDeploymentPostprocessing = 0;
		};
/* End PBXSourcesBuildPhase section */

/* Begin PBXVariantGroup section */
		CECDAF012896DCBF0041EF04 /* Main.storyboard */ = {
			isa = PBXVariantGroup;
			children = (
				CECDAF022896DCBF0041EF04 /* Base */,
			);
			name = Main.storyboard;
			sourceTree = "<group>";
		};
		CECDAF062896DCC20041EF04 /* LaunchScreen.storyboard */ = {
			isa = PBXVariantGroup;
			children = (
				CECDAF072896DCC20041EF04 /* Base */,
			);
			name = LaunchScreen.storyboard;
			sourceTree = "<group>";
		};
/* End PBXVariantGroup section */

/* Begin XCBuildConfiguration section */
		CECDAF0A2896DCC20041EF04 /* Debug */ = {
			isa = XCBuildConfiguration;
			buildSettings = {
				ALWAYS_SEARCH_USER_PATHS = NO;
				CLANG_ANALYZER_NONNULL = YES;
				CLANG_ANALYZER_NUMBER_OBJECT_CONVERSION = YES_AGGRESSIVE;
				CLANG_CXX_LANGUAGE_STANDARD = "gnu++17";
				CLANG_CXX_LIBRARY = "libc++";
				CLANG_ENABLE_MODULES = YES;
				CLANG_ENABLE_OBJC_ARC = YES;
				CLANG_ENABLE_OBJC_WEAK = YES;
				CLANG_WARN_BLOCK_CAPTURE_AUTORELEASING = YES;
				CLANG_WARN_BOOL_CONVERSION = YES;
				CLANG_WARN_COMMA = YES;
				CLANG_WARN_CONSTANT_CONVERSION = YES;
				CLANG_WARN_DEPRECATED_OBJC_IMPLEMENTATIONS = YES;
				CLANG_WARN_DIRECT_OBJC_ISA_USAGE = YES_ERROR;
				CLANG_WARN_DOCUMENTATION_COMMENTS = YES;
				CLANG_WARN_EMPTY_BODY = YES;
				CLANG_WARN_ENUM_CONVERSION = YES;
				CLANG_WARN_INFINITE_RECURSION = YES;
				CLANG_WARN_INT_CONVERSION = YES;
				CLANG_WARN_NON_LITERAL_NULL_CONVERSION = YES;
				CLANG_WARN_OBJC_IMPLICIT_RETAIN_SELF = YES;
				CLANG_WARN_OBJC_LITERAL_CONVERSION = YES;
				CLANG_WARN_OBJC_ROOT_CLASS = YES_ERROR;
				CLANG_WARN_QUOTED_INCLUDE_IN_FRAMEWORK_HEADER = YES;
				CLANG_WARN_RANGE_LOOP_ANALYSIS = YES;
				CLANG_WARN_STRICT_PROTOTYPES = YES;
				CLANG_WARN_SUSPICIOUS_MOVE = YES;
				CLANG_WARN_UNGUARDED_AVAILABILITY = YES_AGGRESSIVE;
				CLANG_WARN_UNREACHABLE_CODE = YES;
				CLANG_WARN__DUPLICATE_METHOD_MATCH = YES;
				COPY_PHASE_STRIP = NO;
				DEBUG_INFORMATION_FORMAT = dwarf;
				ENABLE_STRICT_OBJC_MSGSEND = YES;
				ENABLE_TESTABILITY = YES;
				GCC_C_LANGUAGE_STANDARD = gnu11;
				GCC_DYNAMIC_NO_PIC = NO;
				GCC_NO_COMMON_BLOCKS = YES;
				GCC_OPTIMIZATION_LEVEL = 0;
				GCC_PREPROCESSOR_DEFINITIONS = (
					"DEBUG=1",
					"$(inherited)",
				);
				GCC_WARN_64_TO_32_BIT_CONVERSION = YES;
				GCC_WARN_ABOUT_RETURN_TYPE = YES_ERROR;
				GCC_WARN_UNDECLARED_SELECTOR = YES;
				GCC_WARN_UNINITIALIZED_AUTOS = YES_AGGRESSIVE;
				GCC_WARN_UNUSED_FUNCTION = YES;
				GCC_WARN_UNUSED_VARIABLE = YES;
				IPHONEOS_DEPLOYMENT_TARGET = 15.2;
				MTL_ENABLE_DEBUG_INFO = INCLUDE_SOURCE;
				MTL_FAST_MATH = YES;
				ONLY_ACTIVE_ARCH = YES;
				SDKROOT = iphoneos;
				SWIFT_ACTIVE_COMPILATION_CONDITIONS = DEBUG;
				SWIFT_OPTIMIZATION_LEVEL = "-Onone";
			};
			name = Debug;
		};
		CECDAF0B2896DCC20041EF04 /* Release */ = {
			isa = XCBuildConfiguration;
			buildSettings = {
				ALWAYS_SEARCH_USER_PATHS = NO;
				CLANG_ANALYZER_NONNULL = YES;
				CLANG_ANALYZER_NUMBER_OBJECT_CONVERSION = YES_AGGRESSIVE;
				CLANG_CXX_LANGUAGE_STANDARD = "gnu++17";
				CLANG_CXX_LIBRARY = "libc++";
				CLANG_ENABLE_MODULES = YES;
				CLANG_ENABLE_OBJC_ARC = YES;
				CLANG_ENABLE_OBJC_WEAK = YES;
				CLANG_WARN_BLOCK_CAPTURE_AUTORELEASING = YES;
				CLANG_WARN_BOOL_CONVERSION = YES;
				CLANG_WARN_COMMA = YES;
				CLANG_WARN_CONSTANT_CONVERSION = YES;
				CLANG_WARN_DEPRECATED_OBJC_IMPLEMENTATIONS = YES;
				CLANG_WARN_DIRECT_OBJC_ISA_USAGE = YES_ERROR;
				CLANG_WARN_DOCUMENTATION_COMMENTS = YES;
				CLANG_WARN_EMPTY_BODY = YES;
				CLANG_WARN_ENUM_CONVERSION = YES;
				CLANG_WARN_INFINITE_RECURSION = YES;
				CLANG_WARN_INT_CONVERSION = YES;
				CLANG_WARN_NON_LITERAL_NULL_CONVERSION = YES;
				CLANG_WARN_OBJC_IMPLICIT_RETAIN_SELF = YES;
				CLANG_WARN_OBJC_LITERAL_CONVERSION = YES;
				CLANG_WARN_OBJC_ROOT_CLASS = YES_ERROR;
				CLANG_WARN_QUOTED_INCLUDE_IN_FRAMEWORK_HEADER = YES;
				CLANG_WARN_RANGE_LOOP_ANALYSIS = YES;
				CLANG_WARN_STRICT_PROTOTYPES = YES;
				CLANG_WARN_SUSPICIOUS_MOVE = YES;
				CLANG_WARN_UNGUARDED_AVAILABILITY = YES_AGGRESSIVE;
				CLANG_WARN_UNREACHABLE_CODE = YES;
				CLANG_WARN__DUPLICATE_METHOD_MATCH = YES;
				COPY_PHASE_STRIP = NO;
				DEBUG_INFORMATION_FORMAT = "dwarf-with-dsym";
				ENABLE_NS_ASSERTIONS = NO;
				ENABLE_STRICT_OBJC_MSGSEND = YES;
				GCC_C_LANGUAGE_STANDARD = gnu11;
				GCC_NO_COMMON_BLOCKS = YES;
				GCC_WARN_64_TO_32_BIT_CONVERSION = YES;
				GCC_WARN_ABOUT_RETURN_TYPE = YES_ERROR;
				GCC_WARN_UNDECLARED_SELECTOR = YES;
				GCC_WARN_UNINITIALIZED_AUTOS = YES_AGGRESSIVE;
				GCC_WARN_UNUSED_FUNCTION = YES;
				GCC_WARN_UNUSED_VARIABLE = YES;
				IPHONEOS_DEPLOYMENT_TARGET = 15.2;
				MTL_ENABLE_DEBUG_INFO = NO;
				MTL_FAST_MATH = YES;
				SDKROOT = iphoneos;
				SWIFT_COMPILATION_MODE = wholemodule;
				SWIFT_OPTIMIZATION_LEVEL = "-O";
				VALIDATE_PRODUCT = YES;
			};
			name = Release;
		};
		CECDAF0D2896DCC20041EF04 /* Debug */ = {
			isa = XCBuildConfiguration;
			buildSettings = {
				ASSETCATALOG_COMPILER_APPICON_NAME = AppIcon;
				ASSETCATALOG_COMPILER_GLOBAL_ACCENT_COLOR_NAME = AccentColor;
				CODE_SIGN_STYLE = Automatic;
				CURRENT_PROJECT_VERSION = 1;
				DEVELOPMENT_TEAM = YA7K6U82C9;
				GENERATE_INFOPLIST_FILE = YES;
				INFOPLIST_FILE = TableColor/Info.plist;
				INFOPLIST_KEY_UIApplicationSupportsIndirectInputEvents = YES;
				INFOPLIST_KEY_UILaunchStoryboardName = LaunchScreen;
				INFOPLIST_KEY_UIMainStoryboardFile = Main;
				INFOPLIST_KEY_UISupportedInterfaceOrientations_iPad = "UIInterfaceOrientationPortrait UIInterfaceOrientationPortraitUpsideDown UIInterfaceOrientationLandscapeLeft UIInterfaceOrientationLandscapeRight";
				INFOPLIST_KEY_UISupportedInterfaceOrientations_iPhone = "UIInterfaceOrientationPortrait UIInterfaceOrientationLandscapeLeft UIInterfaceOrientationLandscapeRight";
				LD_RUNPATH_SEARCH_PATHS = (
					"$(inherited)",
					"@executable_path/Frameworks",
				);
				MARKETING_VERSION = 1.0;
				PRODUCT_BUNDLE_IDENTIFIER = cjj.TableColor;
				PRODUCT_NAME = "$(TARGET_NAME)";
				SWIFT_EMIT_LOC_STRINGS = YES;
				SWIFT_VERSION = 5.0;
				TARGETED_DEVICE_FAMILY = "1,2";
			};
			name = Debug;
		};
		CECDAF0E2896DCC20041EF04 /* Release */ = {
			isa = XCBuildConfiguration;
			buildSettings = {
				ASSETCATALOG_COMPILER_APPICON_NAME = AppIcon;
				ASSETCATALOG_COMPILER_GLOBAL_ACCENT_COLOR_NAME = AccentColor;
				CODE_SIGN_STYLE = Automatic;
				CURRENT_PROJECT_VERSION = 1;
				DEVELOPMENT_TEAM = YA7K6U82C9;
				GENERATE_INFOPLIST_FILE = YES;
				INFOPLIST_FILE = TableColor/Info.plist;
				INFOPLIST_KEY_UIApplicationSupportsIndirectInputEvents = YES;
				INFOPLIST_KEY_UILaunchStoryboardName = LaunchScreen;
				INFOPLIST_KEY_UIMainStoryboardFile = Main;
				INFOPLIST_KEY_UISupportedInterfaceOrientations_iPad = "UIInterfaceOrientationPortrait UIInterfaceOrientationPortraitUpsideDown UIInterfaceOrientationLandscapeLeft UIInterfaceOrientationLandscapeRight";
				INFOPLIST_KEY_UISupportedInterfaceOrientations_iPhone = "UIInterfaceOrientationPortrait UIInterfaceOrientationLandscapeLeft UIInterfaceOrientationLandscapeRight";
				LD_RUNPATH_SEARCH_PATHS = (
					"$(inherited)",
					"@executable_path/Frameworks",
				);
				MARKETING_VERSION = 1.0;
				PRODUCT_BUNDLE_IDENTIFIER = cjj.TableColor;
				PRODUCT_NAME = "$(TARGET_NAME)";
				SWIFT_EMIT_LOC_STRINGS = YES;
				SWIFT_VERSION = 5.0;
				TARGETED_DEVICE_FAMILY = "1,2";
			};
			name = Release;
		};
/* End XCBuildConfiguration section */

/* Begin XCConfigurationList section */
		CECDAEF32896DCBF0041EF04 /* Build configuration list for PBXProject "TableColor" */ = {
			isa = XCConfigurationList;
			buildConfigurations = (
				CECDAF0A2896DCC20041EF04 /* Debug */,
				CECDAF0B2896DCC20041EF04 /* Release */,
			);
			defaultConfigurationIsVisible = 0;
			defaultConfigurationName = Release;
		};
		CECDAF0C2896DCC20041EF04 /* Build configuration list for PBXNativeTarget "TableColor" */ = {
			isa = XCConfigurationList;
			buildConfigurations = (
				CECDAF0D2896DCC20041EF04 /* Debug */,
				CECDAF0E2896DCC20041EF04 /* Release */,
			);
			defaultConfigurationIsVisible = 0;
			defaultConfigurationName = Release;
		};
/* End XCConfigurationList section */
	};
	rootObject = CECDAEF02896DCBF0041EF04 /* Project object */;
}
